// !$*UTF8*$!
{
	archiveVersion = 1;
	classes = {
	};
	objectVersion = 56;
	objects = {

/* Begin PBXBuildFile section */
		524CD9E92B2C89A5005555B5 /* PomodoroModel.swift in Sources */ = {isa = PBXBuildFile; fileRef = 524CD9E82B2C89A5005555B5 /* PomodoroModel.swift */; };
		524CD9EB2B2C89E7005555B5 /* TimerView.swift in Sources */ = {isa = PBXBuildFile; fileRef = 524CD9EA2B2C89E7005555B5 /* TimerView.swift */; };
		527C0AE52B2B3BA80088AC57 /* ArView.swift in Sources */ = {isa = PBXBuildFile; fileRef = 527C0AE42B2B3BA80088AC57 /* ArView.swift */; };
		527C0AE72B2B43AA0088AC57 /* NoteListView.swift in Sources */ = {isa = PBXBuildFile; fileRef = 527C0AE62B2B43AA0088AC57 /* NoteListView.swift */; };
		E60DF5D82B2767480047C792 /* Test1PKApp.swift in Sources */ = {isa = PBXBuildFile; fileRef = E60DF5D72B2767480047C792 /* Test1PKApp.swift */; };
		E60DF5DA2B2767480047C792 /* ContentView.swift in Sources */ = {isa = PBXBuildFile; fileRef = E60DF5D92B2767480047C792 /* ContentView.swift */; };
		E60DF5DE2B27674A0047C792 /* Assets.xcassets in Resources */ = {isa = PBXBuildFile; fileRef = E60DF5DD2B27674A0047C792 /* Assets.xcassets */; };
		E60DF5E12B27674A0047C792 /* Preview Assets.xcassets in Resources */ = {isa = PBXBuildFile; fileRef = E60DF5E02B27674A0047C792 /* Preview Assets.xcassets */; };
		E60DF5EA2B2768240047C792 /* Note.swift in Sources */ = {isa = PBXBuildFile; fileRef = E60DF5E92B2768240047C792 /* Note.swift */; };
		E60DF5F22B276A1C0047C792 /* AddNewNoteView.swift in Sources */ = {isa = PBXBuildFile; fileRef = E60DF5F12B276A1C0047C792 /* AddNewNoteView.swift */; };
		E60DF5F42B276A330047C792 /* NoteView.swift in Sources */ = {isa = PBXBuildFile; fileRef = E60DF5F32B276A330047C792 /* NoteView.swift */; };
		E60DF5F62B276C590047C792 /* NoteViewController.swift in Sources */ = {isa = PBXBuildFile; fileRef = E60DF5F52B276C590047C792 /* NoteViewController.swift */; };
		E60DF5F92B276D2B0047C792 /* NoteRepresentableView.swift in Sources */ = {isa = PBXBuildFile; fileRef = E60DF5F82B276D2B0047C792 /* NoteRepresentableView.swift */; };
		E65136FF2B29E926001EA7CA /* Tip.swift in Sources */ = {isa = PBXBuildFile; fileRef = E65136FE2B29E926001EA7CA /* Tip.swift */; };
/* End PBXBuildFile section */

/* Begin PBXFileReference section */
		524CD9E82B2C89A5005555B5 /* PomodoroModel.swift */ = {isa = PBXFileReference; lastKnownFileType = sourcecode.swift; path = PomodoroModel.swift; sourceTree = "<group>"; };
		524CD9EA2B2C89E7005555B5 /* TimerView.swift */ = {isa = PBXFileReference; lastKnownFileType = sourcecode.swift; path = TimerView.swift; sourceTree = "<group>"; };
		527C0AE42B2B3BA80088AC57 /* ArView.swift */ = {isa = PBXFileReference; lastKnownFileType = sourcecode.swift; path = ArView.swift; sourceTree = "<group>"; };
		527C0AE62B2B43AA0088AC57 /* NoteListView.swift */ = {isa = PBXFileReference; lastKnownFileType = sourcecode.swift; path = NoteListView.swift; sourceTree = "<group>"; };
		52D497382B28B86B005EE345 /* Info.plist */ = {isa = PBXFileReference; lastKnownFileType = text.plist; path = Info.plist; sourceTree = "<group>"; };
		E60DF5D42B2767480047C792 /* Test1PK.app */ = {isa = PBXFileReference; explicitFileType = wrapper.application; includeInIndex = 0; path = Test1PK.app; sourceTree = BUILT_PRODUCTS_DIR; };
		E60DF5D72B2767480047C792 /* Test1PKApp.swift */ = {isa = PBXFileReference; lastKnownFileType = sourcecode.swift; path = Test1PKApp.swift; sourceTree = "<group>"; };
		E60DF5D92B2767480047C792 /* ContentView.swift */ = {isa = PBXFileReference; lastKnownFileType = sourcecode.swift; path = ContentView.swift; sourceTree = "<group>"; };
		E60DF5DD2B27674A0047C792 /* Assets.xcassets */ = {isa = PBXFileReference; lastKnownFileType = folder.assetcatalog; path = Assets.xcassets; sourceTree = "<group>"; };
		E60DF5E02B27674A0047C792 /* Preview Assets.xcassets */ = {isa = PBXFileReference; lastKnownFileType = folder.assetcatalog; path = "Preview Assets.xcassets"; sourceTree = "<group>"; };
		E60DF5E92B2768240047C792 /* Note.swift */ = {isa = PBXFileReference; lastKnownFileType = sourcecode.swift; path = Note.swift; sourceTree = "<group>"; };
		E60DF5F12B276A1C0047C792 /* AddNewNoteView.swift */ = {isa = PBXFileReference; lastKnownFileType = sourcecode.swift; path = AddNewNoteView.swift; sourceTree = "<group>"; };
		E60DF5F32B276A330047C792 /* NoteView.swift */ = {isa = PBXFileReference; lastKnownFileType = sourcecode.swift; path = NoteView.swift; sourceTree = "<group>"; };
		E60DF5F52B276C590047C792 /* NoteViewController.swift */ = {isa = PBXFileReference; lastKnownFileType = sourcecode.swift; path = NoteViewController.swift; sourceTree = "<group>"; };
		E60DF5F82B276D2B0047C792 /* NoteRepresentableView.swift */ = {isa = PBXFileReference; lastKnownFileType = sourcecode.swift; path = NoteRepresentableView.swift; sourceTree = "<group>"; };
		E65136FE2B29E926001EA7CA /* Tip.swift */ = {isa = PBXFileReference; lastKnownFileType = sourcecode.swift; path = Tip.swift; sourceTree = "<group>"; };
/* End PBXFileReference section */

/* Begin PBXFrameworksBuildPhase section */
		E60DF5D12B2767480047C792 /* Frameworks */ = {
			isa = PBXFrameworksBuildPhase;
			buildActionMask = 2147483647;
			files = (
			);
			runOnlyForDeploymentPostprocessing = 0;
		};
/* End PBXFrameworksBuildPhase section */

/* Begin PBXGroup section */
		527C0AC72B2A04870088AC57 /* ArView */ = {
			isa = PBXGroup;
			children = (
				527C0AE42B2B3BA80088AC57 /* ArView.swift */,
			);
			path = ArView;
			sourceTree = "<group>";
		};
		E60DF5CB2B2767480047C792 = {
			isa = PBXGroup;
			children = (
				E60DF5D62B2767480047C792 /* Test1PK */,
				E60DF5D52B2767480047C792 /* Products */,
			);
			sourceTree = "<group>";
		};
		E60DF5D52B2767480047C792 /* Products */ = {
			isa = PBXGroup;
			children = (
				E60DF5D42B2767480047C792 /* Test1PK.app */,
			);
			name = Products;
			sourceTree = "<group>";
		};
		E60DF5D62B2767480047C792 /* Test1PK */ = {
			isa = PBXGroup;
			children = (
				E60DF5DD2B27674A0047C792 /* Assets.xcassets */,
				52D497382B28B86B005EE345 /* Info.plist */,
				E60DF5D72B2767480047C792 /* Test1PKApp.swift */,
				E60DF5EF2B2769E50047C792 /* View */,
				E60DF5DF2B27674A0047C792 /* Preview Content */,
			);
			path = Test1PK;
			sourceTree = "<group>";
		};
		E60DF5DF2B27674A0047C792 /* Preview Content */ = {
			isa = PBXGroup;
			children = (
				E60DF5E02B27674A0047C792 /* Preview Assets.xcassets */,
			);
			path = "Preview Content";
			sourceTree = "<group>";
		};
		E60DF5EF2B2769E50047C792 /* View */ = {
			isa = PBXGroup;
			children = (
				E60DF5D92B2767480047C792 /* ContentView.swift */,
				527C0AE62B2B43AA0088AC57 /* NoteListView.swift */,
				524CD9EA2B2C89E7005555B5 /* TimerView.swift */,
				E60DF5F32B276A330047C792 /* NoteView.swift */,
				527C0AC72B2A04870088AC57 /* ArView */,
				E60DF5F12B276A1C0047C792 /* AddNewNoteView.swift */,
				E60DF5F02B2769F90047C792 /* Model */,
				E60DF5F72B276C5F0047C792 /* Notes */,
			);
			path = View;
			sourceTree = "<group>";
		};
		E60DF5F02B2769F90047C792 /* Model */ = {
			isa = PBXGroup;
			children = (
				E60DF5E92B2768240047C792 /* Note.swift */,
				E65136FE2B29E926001EA7CA /* Tip.swift */,
				524CD9E82B2C89A5005555B5 /* PomodoroModel.swift */,
			);
			path = Model;
			sourceTree = "<group>";
		};
		E60DF5F72B276C5F0047C792 /* Notes */ = {
			isa = PBXGroup;
			children = (
				E60DF5F52B276C590047C792 /* NoteViewController.swift */,
				E60DF5F82B276D2B0047C792 /* NoteRepresentableView.swift */,
			);
			path = Notes;
			sourceTree = "<group>";
		};
/* End PBXGroup section */

/* Begin PBXNativeTarget section */
		E60DF5D32B2767480047C792 /* Test1PK */ = {
			isa = PBXNativeTarget;
			buildConfigurationList = E60DF5E42B27674A0047C792 /* Build configuration list for PBXNativeTarget "Test1PK" */;
			buildPhases = (
				E60DF5D02B2767480047C792 /* Sources */,
				E60DF5D12B2767480047C792 /* Frameworks */,
				E60DF5D22B2767480047C792 /* Resources */,
			);
			buildRules = (
			);
			dependencies = (
			);
			name = Test1PK;
			productName = Test1PK;
			productReference = E60DF5D42B2767480047C792 /* Test1PK.app */;
			productType = "com.apple.product-type.application";
		};
/* End PBXNativeTarget section */

/* Begin PBXProject section */
		E60DF5CC2B2767480047C792 /* Project object */ = {
			isa = PBXProject;
			attributes = {
				BuildIndependentTargetsInParallel = 1;
				LastSwiftUpdateCheck = 1500;
				LastUpgradeCheck = 1500;
				TargetAttributes = {
					E60DF5D32B2767480047C792 = {
						CreatedOnToolsVersion = 15.0;
					};
				};
			};
			buildConfigurationList = E60DF5CF2B2767480047C792 /* Build configuration list for PBXProject "Test1PK" */;
			compatibilityVersion = "Xcode 14.0";
			developmentRegion = en;
			hasScannedForEncodings = 0;
			knownRegions = (
				en,
				Base,
			);
			mainGroup = E60DF5CB2B2767480047C792;
			productRefGroup = E60DF5D52B2767480047C792 /* Products */;
			projectDirPath = "";
			projectRoot = "";
			targets = (
				E60DF5D32B2767480047C792 /* Test1PK */,
			);
		};
/* End PBXProject section */

/* Begin PBXResourcesBuildPhase section */
		E60DF5D22B2767480047C792 /* Resources */ = {
			isa = PBXResourcesBuildPhase;
			buildActionMask = 2147483647;
			files = (
				E60DF5E12B27674A0047C792 /* Preview Assets.xcassets in Resources */,
				E60DF5DE2B27674A0047C792 /* Assets.xcassets in Resources */,
			);
			runOnlyForDeploymentPostprocessing = 0;
		};
/* End PBXResourcesBuildPhase section */

/* Begin PBXSourcesBuildPhase section */
		E60DF5D02B2767480047C792 /* Sources */ = {
			isa = PBXSourcesBuildPhase;
			buildActionMask = 2147483647;
			files = (
				E60DF5F62B276C590047C792 /* NoteViewController.swift in Sources */,
				E65136FF2B29E926001EA7CA /* Tip.swift in Sources */,
				E60DF5DA2B2767480047C792 /* ContentView.swift in Sources */,
				E60DF5EA2B2768240047C792 /* Note.swift in Sources */,
				524CD9EB2B2C89E7005555B5 /* TimerView.swift in Sources */,
				E60DF5F92B276D2B0047C792 /* NoteRepresentableView.swift in Sources */,
				524CD9E92B2C89A5005555B5 /* PomodoroModel.swift in Sources */,
				E60DF5F42B276A330047C792 /* NoteView.swift in Sources */,
				527C0AE72B2B43AA0088AC57 /* NoteListView.swift in Sources */,
				E60DF5F22B276A1C0047C792 /* AddNewNoteView.swift in Sources */,
				E60DF5D82B2767480047C792 /* Test1PKApp.swift in Sources */,
				527C0AE52B2B3BA80088AC57 /* ArView.swift in Sources */,
			);
			runOnlyForDeploymentPostprocessing = 0;
		};
/* End PBXSourcesBuildPhase section */

/* Begin XCBuildConfiguration section */
		E60DF5E22B27674A0047C792 /* Debug */ = {
			isa = XCBuildConfiguration;
			buildSettings = {
				ALWAYS_SEARCH_USER_PATHS = NO;
				ASSETCATALOG_COMPILER_GENERATE_SWIFT_ASSET_SYMBOL_EXTENSIONS = YES;
				CLANG_ANALYZER_NONNULL = YES;
				CLANG_ANALYZER_NUMBER_OBJECT_CONVERSION = YES_AGGRESSIVE;
				CLANG_CXX_LANGUAGE_STANDARD = "gnu++20";
				CLANG_ENABLE_MODULES = YES;
				CLANG_ENABLE_OBJC_ARC = YES;
				CLANG_ENABLE_OBJC_WEAK = YES;
				CLANG_WARN_BLOCK_CAPTURE_AUTORELEASING = YES;
				CLANG_WARN_BOOL_CONVERSION = YES;
				CLANG_WARN_COMMA = YES;
				CLANG_WARN_CONSTANT_CONVERSION = YES;
				CLANG_WARN_DEPRECATED_OBJC_IMPLEMENTATIONS = YES;
				CLANG_WARN_DIRECT_OBJC_ISA_USAGE = YES_ERROR;
				CLANG_WARN_DOCUMENTATION_COMMENTS = YES;
				CLANG_WARN_EMPTY_BODY = YES;
				CLANG_WARN_ENUM_CONVERSION = YES;
				CLANG_WARN_INFINITE_RECURSION = YES;
				CLANG_WARN_INT_CONVERSION = YES;
				CLANG_WARN_NON_LITERAL_NULL_CONVERSION = YES;
				CLANG_WARN_OBJC_IMPLICIT_RETAIN_SELF = YES;
				CLANG_WARN_OBJC_LITERAL_CONVERSION = YES;
				CLANG_WARN_OBJC_ROOT_CLASS = YES_ERROR;
				CLANG_WARN_QUOTED_INCLUDE_IN_FRAMEWORK_HEADER = YES;
				CLANG_WARN_RANGE_LOOP_ANALYSIS = YES;
				CLANG_WARN_STRICT_PROTOTYPES = YES;
				CLANG_WARN_SUSPICIOUS_MOVE = YES;
				CLANG_WARN_UNGUARDED_AVAILABILITY = YES_AGGRESSIVE;
				CLANG_WARN_UNREACHABLE_CODE = YES;
				CLANG_WARN__DUPLICATE_METHOD_MATCH = YES;
				COPY_PHASE_STRIP = NO;
				DEBUG_INFORMATION_FORMAT = dwarf;
				ENABLE_STRICT_OBJC_MSGSEND = YES;
				ENABLE_TESTABILITY = YES;
				ENABLE_USER_SCRIPT_SANDBOXING = YES;
				GCC_C_LANGUAGE_STANDARD = gnu17;
				GCC_DYNAMIC_NO_PIC = NO;
				GCC_NO_COMMON_BLOCKS = YES;
				GCC_OPTIMIZATION_LEVEL = 0;
				GCC_PREPROCESSOR_DEFINITIONS = (
					"DEBUG=1",
					"$(inherited)",
				);
				GCC_WARN_64_TO_32_BIT_CONVERSION = YES;
				GCC_WARN_ABOUT_RETURN_TYPE = YES_ERROR;
				GCC_WARN_UNDECLARED_SELECTOR = YES;
				GCC_WARN_UNINITIALIZED_AUTOS = YES_AGGRESSIVE;
				GCC_WARN_UNUSED_FUNCTION = YES;
				GCC_WARN_UNUSED_VARIABLE = YES;
				IPHONEOS_DEPLOYMENT_TARGET = 17.0;
				LOCALIZATION_PREFERS_STRING_CATALOGS = YES;
				MTL_ENABLE_DEBUG_INFO = INCLUDE_SOURCE;
				MTL_FAST_MATH = YES;
				ONLY_ACTIVE_ARCH = YES;
				SDKROOT = iphoneos;
				SWIFT_ACTIVE_COMPILATION_CONDITIONS = "DEBUG $(inherited)";
				SWIFT_OPTIMIZATION_LEVEL = "-Onone";
			};
			name = Debug;
		};
		E60DF5E32B27674A0047C792 /* Release */ = {
			isa = XCBuildConfiguration;
			buildSettings = {
				ALWAYS_SEARCH_USER_PATHS = NO;
				ASSETCATALOG_COMPILER_GENERATE_SWIFT_ASSET_SYMBOL_EXTENSIONS = YES;
				CLANG_ANALYZER_NONNULL = YES;
				CLANG_ANALYZER_NUMBER_OBJECT_CONVERSION = YES_AGGRESSIVE;
				CLANG_CXX_LANGUAGE_STANDARD = "gnu++20";
				CLANG_ENABLE_MODULES = YES;
				CLANG_ENABLE_OBJC_ARC = YES;
				CLANG_ENABLE_OBJC_WEAK = YES;
				CLANG_WARN_BLOCK_CAPTURE_AUTORELEASING = YES;
				CLANG_WARN_BOOL_CONVERSION = YES;
				CLANG_WARN_COMMA = YES;
				CLANG_WARN_CONSTANT_CONVERSION = YES;
				CLANG_WARN_DEPRECATED_OBJC_IMPLEMENTATIONS = YES;
				CLANG_WARN_DIRECT_OBJC_ISA_USAGE = YES_ERROR;
				CLANG_WARN_DOCUMENTATION_COMMENTS = YES;
				CLANG_WARN_EMPTY_BODY = YES;
				CLANG_WARN_ENUM_CONVERSION = YES;
				CLANG_WARN_INFINITE_RECURSION = YES;
				CLANG_WARN_INT_CONVERSION = YES;
				CLANG_WARN_NON_LITERAL_NULL_CONVERSION = YES;
				CLANG_WARN_OBJC_IMPLICIT_RETAIN_SELF = YES;
				CLANG_WARN_OBJC_LITERAL_CONVERSION = YES;
				CLANG_WARN_OBJC_ROOT_CLASS = YES_ERROR;
				CLANG_WARN_QUOTED_INCLUDE_IN_FRAMEWORK_HEADER = YES;
				CLANG_WARN_RANGE_LOOP_ANALYSIS = YES;
				CLANG_WARN_STRICT_PROTOTYPES = YES;
				CLANG_WARN_SUSPICIOUS_MOVE = YES;
				CLANG_WARN_UNGUARDED_AVAILABILITY = YES_AGGRESSIVE;
				CLANG_WARN_UNREACHABLE_CODE = YES;
				CLANG_WARN__DUPLICATE_METHOD_MATCH = YES;
				COPY_PHASE_STRIP = NO;
				DEBUG_INFORMATION_FORMAT = "dwarf-with-dsym";
				ENABLE_NS_ASSERTIONS = NO;
				ENABLE_STRICT_OBJC_MSGSEND = YES;
				ENABLE_USER_SCRIPT_SANDBOXING = YES;
				GCC_C_LANGUAGE_STANDARD = gnu17;
				GCC_NO_COMMON_BLOCKS = YES;
				GCC_WARN_64_TO_32_BIT_CONVERSION = YES;
				GCC_WARN_ABOUT_RETURN_TYPE = YES_ERROR;
				GCC_WARN_UNDECLARED_SELECTOR = YES;
				GCC_WARN_UNINITIALIZED_AUTOS = YES_AGGRESSIVE;
				GCC_WARN_UNUSED_FUNCTION = YES;
				GCC_WARN_UNUSED_VARIABLE = YES;
				IPHONEOS_DEPLOYMENT_TARGET = 17.0;
				LOCALIZATION_PREFERS_STRING_CATALOGS = YES;
				MTL_ENABLE_DEBUG_INFO = NO;
				MTL_FAST_MATH = YES;
				SDKROOT = iphoneos;
				SWIFT_COMPILATION_MODE = wholemodule;
				VALIDATE_PRODUCT = YES;
			};
			name = Release;
		};
		E60DF5E52B27674A0047C792 /* Debug */ = {
			isa = XCBuildConfiguration;
			buildSettings = {
				ASSETCATALOG_COMPILER_APPICON_NAME = AppIcon;
				ASSETCATALOG_COMPILER_GLOBAL_ACCENT_COLOR_NAME = AccentColor;
				CODE_SIGN_IDENTITY = "Apple Development";
				CODE_SIGN_STYLE = Automatic;
				CURRENT_PROJECT_VERSION = 1;
				DEVELOPMENT_ASSET_PATHS = "\"Test1PK/Preview Content\"";
				DEVELOPMENT_TEAM = VY6469W59X;
				ENABLE_PREVIEWS = YES;
				GENERATE_INFOPLIST_FILE = YES;
				INFOPLIST_FILE = Test1PK/Info.plist;
				INFOPLIST_KEY_LSSupportsOpeningDocumentsInPlace = YES;
				INFOPLIST_KEY_NSCameraUsageDescription = "Camera is required for AR experience";
				INFOPLIST_KEY_UIApplicationSupportsIndirectInputEvents = YES;
				INFOPLIST_KEY_UILaunchScreen_Generation = YES;
				INFOPLIST_KEY_UISupportedInterfaceOrientations_iPad = "UIInterfaceOrientationPortrait UIInterfaceOrientationPortraitUpsideDown UIInterfaceOrientationLandscapeLeft UIInterfaceOrientationLandscapeRight";
				INFOPLIST_KEY_UISupportedInterfaceOrientations_iPhone = "UIInterfaceOrientationPortrait UIInterfaceOrientationLandscapeLeft UIInterfaceOrientationLandscapeRight";
				LD_RUNPATH_SEARCH_PATHS = (
					"$(inherited)",
					"@executable_path/Frameworks",
				);
				MARKETING_VERSION = 1.0;
				PRODUCT_BUNDLE_IDENTIFIER = mhfhtdrtdty;
				PRODUCT_NAME = "$(TARGET_NAME)";
				PROVISIONING_PROFILE_SPECIFIER = "";
				SWIFT_EMIT_LOC_STRINGS = YES;
				SWIFT_VERSION = 5.0;
				TARGETED_DEVICE_FAMILY = "1,2";
			};
			name = Debug;
		};
		E60DF5E62B27674A0047C792 /* Release */ = {
			isa = XCBuildConfiguration;
			buildSettings = {
				ASSETCATALOG_COMPILER_APPICON_NAME = AppIcon;
				ASSETCATALOG_COMPILER_GLOBAL_ACCENT_COLOR_NAME = AccentColor;
				CODE_SIGN_IDENTITY = "Apple Development";
				CODE_SIGN_STYLE = Automatic;
				CURRENT_PROJECT_VERSION = 1;
				DEVELOPMENT_ASSET_PATHS = "\"Test1PK/Preview Content\"";
				DEVELOPMENT_TEAM = VY6469W59X;
				ENABLE_PREVIEWS = YES;
				GENERATE_INFOPLIST_FILE = YES;
				INFOPLIST_FILE = Test1PK/Info.plist;
				INFOPLIST_KEY_LSSupportsOpeningDocumentsInPlace = YES;
				INFOPLIST_KEY_NSCameraUsageDescription = "Camera is required for AR experience";
				INFOPLIST_KEY_UIApplicationSupportsIndirectInputEvents = YES;
				INFOPLIST_KEY_UILaunchScreen_Generation = YES;
				INFOPLIST_KEY_UISupportedInterfaceOrientations_iPad = "UIInterfaceOrientationPortrait UIInterfaceOrientationPortraitUpsideDown UIInterfaceOrientationLandscapeLeft UIInterfaceOrientationLandscapeRight";
				INFOPLIST_KEY_UISupportedInterfaceOrientations_iPhone = "UIInterfaceOrientationPortrait UIInterfaceOrientationLandscapeLeft UIInterfaceOrientationLandscapeRight";
				LD_RUNPATH_SEARCH_PATHS = (
					"$(inherited)",
					"@executable_path/Frameworks",
				);
				MARKETING_VERSION = 1.0;
				PRODUCT_BUNDLE_IDENTIFIER = mhfhtdrtdty;
				PRODUCT_NAME = "$(TARGET_NAME)";
				PROVISIONING_PROFILE_SPECIFIER = "";
				SWIFT_EMIT_LOC_STRINGS = YES;
				SWIFT_VERSION = 5.0;
				TARGETED_DEVICE_FAMILY = "1,2";
			};
			name = Release;
		};
/* End XCBuildConfiguration section */

/* Begin XCConfigurationList section */
		E60DF5CF2B2767480047C792 /* Build configuration list for PBXProject "Test1PK" */ = {
			isa = XCConfigurationList;
			buildConfigurations = (
				E60DF5E22B27674A0047C792 /* Debug */,
				E60DF5E32B27674A0047C792 /* Release */,
			);
			defaultConfigurationIsVisible = 0;
			defaultConfigurationName = Release;
		};
		E60DF5E42B27674A0047C792 /* Build configuration list for PBXNativeTarget "Test1PK" */ = {
			isa = XCConfigurationList;
			buildConfigurations = (
				E60DF5E52B27674A0047C792 /* Debug */,
				E60DF5E62B27674A0047C792 /* Release */,
			);
			defaultConfigurationIsVisible = 0;
			defaultConfigurationName = Release;
		};
/* End XCConfigurationList section */
	};
	rootObject = E60DF5CC2B2767480047C792 /* Project object */;
}
